
Microsoft Visual Studio Solution File, Format Version 12.00
# Visual Studio 15
VisualStudioVersion = 15.0.27428.2037
MinimumVisualStudioVersion = 10.0.40219.1
Project("{FAE04EC0-301F-11D3-BF4B-00C04F79EFBC}") = "SweetShopModel", "SweetShop\SweetShopModel.csproj", "{F92E4928-47F6-4F3D-B4E4-95813CF392A5}"
EndProject
Project("{FAE04EC0-301F-11D3-BF4B-00C04F79EFBC}") = "SweetShopService", "SweetShopService\SweetShopService.csproj", "{193C1427-C1F9-41FD-AED6-4BA0F6580934}"
EndProject
Project("{FAE04EC0-301F-11D3-BF4B-00C04F79EFBC}") = "SweetShopView", "SweetShopView\SweetShopView.csproj", "{EE8D474C-6B2E-464A-9018-6DB633C42C54}"
EndProject
Project("{FAE04EC0-301F-11D3-BF4B-00C04F79EFBC}") = "SweetShopRestApi", "SweetShopRestApi\SweetShopRestApi.csproj", "{490DB0DC-1D32-4DDB-A084-E190EDA16CF8}"
EndProject
Global
	GlobalSection(SolutionConfigurationPlatforms) = preSolution
		Debug|Any CPU = Debug|Any CPU
		Release|Any CPU = Release|Any CPU
	EndGlobalSection
	GlobalSection(ProjectConfigurationPlatforms) = postSolution
		{F92E4928-47F6-4F3D-B4E4-95813CF392A5}.Debug|Any CPU.ActiveCfg = Debug|Any CPU
		{F92E4928-47F6-4F3D-B4E4-95813CF392A5}.Debug|Any CPU.Build.0 = Debug|Any CPU
		{F92E4928-47F6-4F3D-B4E4-95813CF392A5}.Release|Any CPU.ActiveCfg = Release|Any CPU
		{F92E4928-47F6-4F3D-B4E4-95813CF392A5}.Release|Any CPU.Build.0 = Release|Any CPU
		{193C1427-C1F9-41FD-AED6-4BA0F6580934}.Debug|Any CPU.ActiveCfg = Debug|Any CPU
		{193C1427-C1F9-41FD-AED6-4BA0F6580934}.Debug|Any CPU.Build.0 = Debug|Any CPU
		{193C1427-C1F9-41FD-AED6-4BA0F6580934}.Release|Any CPU.ActiveCfg = Release|Any CPU
		{193C1427-C1F9-41FD-AED6-4BA0F6580934}.Release|Any CPU.Build.0 = Release|Any CPU
		{EE8D474C-6B2E-464A-9018-6DB633C42C54}.Debug|Any CPU.ActiveCfg = Debug|Any CPU
		{EE8D474C-6B2E-464A-9018-6DB633C42C54}.Debug|Any CPU.Build.0 = Debug|Any CPU
		{EE8D474C-6B2E-464A-9018-6DB633C42C54}.Release|Any CPU.ActiveCfg = Release|Any CPU
		{EE8D474C-6B2E-464A-9018-6DB633C42C54}.Release|Any CPU.Build.0 = Release|Any CPU
		{490DB0DC-1D32-4DDB-A084-E190EDA16CF8}.Debug|Any CPU.ActiveCfg = Debug|Any CPU
		{490DB0DC-1D32-4DDB-A084-E190EDA16CF8}.Debug|Any CPU.Build.0 = Debug|Any CPU
		{490DB0DC-1D32-4DDB-A084-E190EDA16CF8}.Release|Any CPU.ActiveCfg = Release|Any CPU
		{490DB0DC-1D32-4DDB-A084-E190EDA16CF8}.Release|Any CPU.Build.0 = Release|Any CPU
	EndGlobalSection
	GlobalSection(SolutionProperties) = preSolution
		HideSolutionNode = FALSE
	EndGlobalSection
	GlobalSection(ExtensibilityGlobals) = postSolution
		SolutionGuid = {83BE98B1-5FBD-46C9-83BA-550A44A8632D}
	EndGlobalSection
EndGlobal
